<?xml version="1.0" encoding="utf-8"?>
<Project ToolsVersion="4.0" xmlns="http://schemas.microsoft.com/developer/msbuild/2003">
  <ItemGroup>
    <Filter Include="소스 파일">
      <UniqueIdentifier>{4FC737F1-C7A5-4376-A066-2A32D752A2FF}</UniqueIdentifier>
      <Extensions>cpp;c;cc;cxx;c++;cppm;ixx;def;odl;idl;hpj;bat;asm;asmx</Extensions>
    </Filter>
    <Filter Include="헤더 파일">
      <UniqueIdentifier>{93995380-89BD-4b04-88EB-625FBE52EBFB}</UniqueIdentifier>
      <Extensions>h;hh;hpp;hxx;h++;hm;inl;inc;ipp;xsd</Extensions>
    </Filter>
    <Filter Include="리소스 파일">
      <UniqueIdentifier>{67DA6AB6-F800-4c08-8B7A-83BB121AAD01}</UniqueIdentifier>
      <Extensions>rc;ico;cur;bmp;dlg;rc2;rct;bin;rgs;gif;jpg;jpeg;jpe;resx;tiff;tif;png;wav;mfcribbon-ms</Extensions>
    </Filter>
    <Filter Include="소스 파일\day1">
      <UniqueIdentifier>{32317d2f-aafb-49f2-9d7c-4e50b68fe628}</UniqueIdentifier>
    </Filter>
    <Filter Include="소스 파일\day2">
      <UniqueIdentifier>{5213b7f7-bd67-42ea-b1d3-dc4cc84bfbeb}</UniqueIdentifier>
    </Filter>
    <Filter Include="소스 파일\day3">
      <UniqueIdentifier>{f7afe116-437d-49b8-a8a0-51ce22415316}</UniqueIdentifier>
    </Filter>
    <Filter Include="소스 파일\day4">
      <UniqueIdentifier>{8fa0ae35-69c4-4166-881c-da46121de5d6}</UniqueIdentifier>
    </Filter>
    <Filter Include="소스 파일\day5">
      <UniqueIdentifier>{432fcca3-9d44-4562-b614-849341f558c4}</UniqueIdentifier>
    </Filter>
    <Filter Include="소스 파일\day6">
      <UniqueIdentifier>{56cbcadb-4c1f-48e2-b3cc-0ec61bfadbfb}</UniqueIdentifier>
    </Filter>
    <Filter Include="소스 파일\day7">
      <UniqueIdentifier>{092795c9-ad11-4d97-a887-dd85e4c7d960}</UniqueIdentifier>
    </Filter>
    <Filter Include="소스 파일\day8">
      <UniqueIdentifier>{0a641d6f-72c2-4b8f-a695-4c8c0459eff9}</UniqueIdentifier>
    </Filter>
    <Filter Include="소스 파일\day9">
      <UniqueIdentifier>{8ba64dbe-9ac9-40ee-b055-f751a0b22673}</UniqueIdentifier>
    </Filter>
    <Filter Include="소스 파일\day10">
      <UniqueIdentifier>{a4977665-f26e-4bc3-b1e9-353b25c68d3b}</UniqueIdentifier>
    </Filter>
    <Filter Include="소스 파일\day11">
      <UniqueIdentifier>{4cf16203-6ad2-4b4e-847a-db6a08494734}</UniqueIdentifier>
    </Filter>
    <Filter Include="소스 파일\day12">
      <UniqueIdentifier>{bdd8a930-d861-490d-92d3-29289825c529}</UniqueIdentifier>
    </Filter>
  </ItemGroup>
  <ItemGroup>
    <ClCompile Include="hello.c">
      <Filter>소스 파일\day1</Filter>
    </ClCompile>
    <ClCompile Include="기본구조.c">
      <Filter>소스 파일\day2</Filter>
    </ClCompile>
    <ClCompile Include="영어다이아몬드.c">
      <Filter>소스 파일\day2</Filter>
    </ClCompile>
    <ClCompile Include="변수.c">
      <Filter>소스 파일\day2</Filter>
    </ClCompile>
    <ClCompile Include="변수2.c">
      <Filter>소스 파일\day3</Filter>
    </ClCompile>
    <ClCompile Include="변수의출력.c">
      <Filter>소스 파일\day3</Filter>
    </ClCompile>
    <ClCompile Include="값의범위.c">
      <Filter>소스 파일\day3</Filter>
    </ClCompile>
    <ClCompile Include="아스키코드.c">
      <Filter>소스 파일\day4</Filter>
    </ClCompile>
    <ClCompile Include="상수.c">
      <Filter>소스 파일\day4</Filter>
    </ClCompile>
    <ClCompile Include="자료형의변환.c">
      <Filter>소스 파일\day4</Filter>
    </ClCompile>
    <ClCompile Include="형식문자.c">
      <Filter>소스 파일\day5</Filter>
    </ClCompile>
    <ClCompile Include="scanf.c">
      <Filter>소스 파일\day5</Filter>
    </ClCompile>
    <ClCompile Include="scanf실습.c">
      <Filter>소스 파일\day5</Filter>
    </ClCompile>
    <ClCompile Include="산술연산자.c">
      <Filter>소스 파일\day5</Filter>
    </ClCompile>
    <ClCompile Include="복합대입연산자.c">
      <Filter>소스 파일\day6</Filter>
    </ClCompile>
    <ClCompile Include="비교연산자.c">
      <Filter>소스 파일\day6</Filter>
    </ClCompile>
    <ClCompile Include="짱구의기말고사.c">
      <Filter>소스 파일\day6</Filter>
    </ClCompile>
    <ClCompile Include="논리연산자.c">
      <Filter>소스 파일\day6</Filter>
    </ClCompile>
    <ClCompile Include="삼항조건연산자.c">
      <Filter>소스 파일\day6</Filter>
    </ClCompile>
    <ClCompile Include="비트단위연산자.c">
      <Filter>소스 파일\day7</Filter>
    </ClCompile>
    <ClCompile Include="시프트연산자.c">
      <Filter>소스 파일\day7</Filter>
    </ClCompile>
    <ClCompile Include="if문.c">
      <Filter>소스 파일\day7</Filter>
    </ClCompile>
    <ClCompile Include="elseif문.c">
      <Filter>소스 파일\day7</Filter>
    </ClCompile>
    <ClCompile Include="학점문제.c">
      <Filter>소스 파일\day7</Filter>
    </ClCompile>
    <ClCompile Include="복합조건버스비.c">
      <Filter>소스 파일\day7</Filter>
    </ClCompile>
    <ClCompile Include="test.c">
      <Filter>소스 파일\day7</Filter>
    </ClCompile>
    <ClCompile Include="중첩if.c">
      <Filter>소스 파일\day8</Filter>
    </ClCompile>
    <ClCompile Include="배송비문제.c">
      <Filter>소스 파일\day8</Filter>
    </ClCompile>
    <ClCompile Include="스위치문.c">
      <Filter>소스 파일\day8</Filter>
    </ClCompile>
    <ClCompile Include="스위치계산기.c">
      <Filter>소스 파일\day8</Filter>
    </ClCompile>
    <ClCompile Include="while문.c">
      <Filter>소스 파일\day9</Filter>
    </ClCompile>
    <ClCompile Include="doWhile문.c">
      <Filter>소스 파일\day9</Filter>
    </ClCompile>
    <ClCompile Include="for문.c">
      <Filter>소스 파일\day9</Filter>
    </ClCompile>
    <ClCompile Include="break문.c">
      <Filter>소스 파일\day10</Filter>
    </ClCompile>
    <ClCompile Include="continue.c">
      <Filter>소스 파일\day10</Filter>
    </ClCompile>
    <ClCompile Include="중첩for문.c">
      <Filter>소스 파일\day10</Filter>
    </ClCompile>
    <ClCompile Include="별찍기.c">
      <Filter>소스 파일\day10</Filter>
    </ClCompile>
    <ClCompile Include="난수.c">
      <Filter>소스 파일\day10</Filter>
    </ClCompile>
    <ClCompile Include="배열.c">
      <Filter>소스 파일\day10</Filter>
    </ClCompile>
    <ClCompile Include="문자열입력받기.c">
      <Filter>소스 파일\day10</Filter>
    </ClCompile>
    <ClCompile Include="scanf_s문자열입력.c">
      <Filter>소스 파일\day11</Filter>
    </ClCompile>
    <ClCompile Include="포인터.c">
      <Filter>소스 파일\day11</Filter>
    </ClCompile>
    <ClCompile Include="포인터문제.c">
      <Filter>소스 파일\day12</Filter>
    </ClCompile>
    <ClCompile Include="포인터와배열의관계.c">
      <Filter>소스 파일\day12</Filter>
    </ClCompile>
    <ClCompile Include="포인터상수.c">
      <Filter>소스 파일\day12</Filter>
    </ClCompile>
    <ClCompile Include="포인터를이용한배열의연산.c">
      <Filter>소스 파일\day12</Filter>
    </ClCompile>
    <ClCompile Include="2차원배열.c">
      <Filter>소스 파일\day12</Filter>
    </ClCompile>
  </ItemGroup>
</Project>